
Microsoft Visual Studio Solution File, Format Version 12.00
# Visual Studio Version 17
VisualStudioVersion = 17.14.36109.1 d17.14
MinimumVisualStudioVersion = 10.0.40219.1
Project("{FAE04EC0-301F-11D3-BF4B-00C04F79EFBC}") = "Presentation", "Presentation\Presentation.csproj", "{B30EB6A0-BC07-447C-A67D-EF9E4D15C452}"
EndProject
Global
	GlobalSection(SolutionConfigurationPlatforms) = preSolution
		Debug|Any CPU = Debug|Any CPU
		Release|Any CPU = Release|Any CPU
	EndGlobalSection
	GlobalSection(ProjectConfigurationPlatforms) = postSolution
		{B30EB6A0-BC07-447C-A67D-EF9E4D15C452}.Debug|Any CPU.ActiveCfg = Debug|Any CPU
		{B30EB6A0-BC07-447C-A67D-EF9E4D15C452}.Debug|Any CPU.Build.0 = Debug|Any CPU
		{B30EB6A0-BC07-447C-A67D-EF9E4D15C452}.Release|Any CPU.ActiveCfg = Release|Any CPU
		{B30EB6A0-BC07-447C-A67D-EF9E4D15C452}.Release|Any CPU.Build.0 = Release|Any CPU
	EndGlobalSection
	GlobalSection(SolutionProperties) = preSolution
		HideSolutionNode = FALSE
	EndGlobalSection
	GlobalSection(ExtensibilityGlobals) = postSolution
		SolutionGuid = {92D5860F-293F-4F59-904B-D2A72982572D}
	EndGlobalSection
EndGlobal
